{
  "name": "datagram-support-hub",
  "lockfileVersion": 3,
  "requires": true,
  "packages": {
    "": {
      "dependencies": {
        "@datagram-network/conference-sdk": "^1.0.2"
      }
    },
    "node_modules/@datagram-network/conference-sdk": {
      "version": "1.0.2",
      "resolved": "https://registry.npmjs.org/@datagram-network/conference-sdk/-/conference-sdk-1.0.2.tgz",
      "integrity": "sha512-qgP8gUUANX8NgwkB9pGULIw8pgLmK19yoflTDVcFwAwzwKiUzGdwyg9u5jyNLgkWWSbu7IHAE03Sz0hyh8uoqg==",
      "dependencies": {
        "@types/lodash-es": "^4.17.12",
        "lodash-es": "^4.17.21",
        "valibot": "1.0.0-beta.9"
      }
    },
    "node_modules/@types/lodash": {
      "version": "4.17.18",
      "resolved": "https://registry.npmjs.org/@types/lodash/-/lodash-4.17.18.tgz",
      "integrity": "sha512-KJ65INaxqxmU6EoCiJmRPZC9H9RVWCRd349tXM2M3O5NA7cY6YL7c0bHAHQ93NOfTObEQ004kd2QVHs/r0+m4g=="
    },
    "node_modules/@types/lodash-es": {
      "version": "4.17.12",
      "resolved": "https://registry.npmjs.org/@types/lodash-es/-/lodash-es-4.17.12.tgz",
      "integrity": "sha512-0NgftHUcV4v34VhXm8QBSftKVXtbkBG3ViCjs6+eJ5a6y6Mi/jiFGPc1sC7QK+9BFhWrURE3EOggmWaSxL9OzQ==",
      "dependencies": {
        "@types/lodash": "*"
      }
    },
    "node_modules/lodash-es": {
      "version": "4.17.21",
      "resolved": "https://registry.npmjs.org/lodash-es/-/lodash-es-4.17.21.tgz",
      "integrity": "sha512-mKnC+QJ9pWVzv+C4/U3rRsHapFfHvQFoFB92e52xeyGMcX6/OlIl78je1u8vePzYZSkkogMPJ2yjxxsb89cxyw=="
    },
    "node_modules/valibot": {
      "version": "1.0.0-beta.9",
      "resolved": "https://registry.npmjs.org/valibot/-/valibot-1.0.0-beta.9.tgz",
      "integrity": "sha512-yEX8gMAZ2R1yI2uwOO4NCtVnJQx36zn3vD0omzzj9FhcoblvPukENIiRZXKZwCnqSeV80bMm8wNiGhQ0S8fiww==",
      "peerDependencies": {
        "typescript": ">=5"
      },
      "peerDependenciesMeta": {
        "typescript": {
          "optional": true
        }
      }
    }
  }
}
